// !$*UTF8*$!
{
	archiveVersion = 1;
	classes = {
	};
	objectVersion = 51;
	objects = {

/* Begin PBXBuildFile section */
		0C31D6421154F5989FAD3FA2 /* Pods_NotesApp_NotesAppUITests.framework in Frameworks */ = {isa = PBXBuildFile; fileRef = E1A1509A99A16BA9FD1E1630 /* Pods_NotesApp_NotesAppUITests.framework */; };
		797AE75192DCB95598213628 /* Pods_NotesAppTests.framework in Frameworks */ = {isa = PBXBuildFile; fileRef = 00B053FBA1AEEB441909AF9F /* Pods_NotesAppTests.framework */; };
		B60869C92702FC930027250B /* DataBaseCore.swift in Sources */ = {isa = PBXBuildFile; fileRef = B60869C82702FC930027250B /* DataBaseCore.swift */; };
		B62C408326F8A405006960ED /* UserAPI.swift in Sources */ = {isa = PBXBuildFile; fileRef = B62C408226F8A405006960ED /* UserAPI.swift */; };
		B62C408726F8A4E3006960ED /* NotesProtocol.swift in Sources */ = {isa = PBXBuildFile; fileRef = B62C408626F8A4E3006960ED /* NotesProtocol.swift */; };
		B62C408926F8A4ED006960ED /* NotesAPI.swift in Sources */ = {isa = PBXBuildFile; fileRef = B62C408826F8A4ED006960ED /* NotesAPI.swift */; };
		B62C408B26F8A7D3006960ED /* NotesModel.swift in Sources */ = {isa = PBXBuildFile; fileRef = B62C408A26F8A7D2006960ED /* NotesModel.swift */; };
		B62C408D26F8AA6E006960ED /* NotesTarget.swift in Sources */ = {isa = PBXBuildFile; fileRef = B62C408C26F8AA6E006960ED /* NotesTarget.swift */; };
		B62C408F26F8B071006960ED /* SignInViewModel.swift in Sources */ = {isa = PBXBuildFile; fileRef = B62C408E26F8B071006960ED /* SignInViewModel.swift */; };
		B62C409126F8B083006960ED /* SignInBuilder.swift in Sources */ = {isa = PBXBuildFile; fileRef = B62C409026F8B083006960ED /* SignInBuilder.swift */; };
		B631AD8426EA3E3E00A2F2A7 /* AppDelegate.swift in Sources */ = {isa = PBXBuildFile; fileRef = B631AD8326EA3E3E00A2F2A7 /* AppDelegate.swift */; };
		B631AD8626EA3E3E00A2F2A7 /* SceneDelegate.swift in Sources */ = {isa = PBXBuildFile; fileRef = B631AD8526EA3E3E00A2F2A7 /* SceneDelegate.swift */; };
		B631AD8826EA3E3E00A2F2A7 /* SignInViewController.swift in Sources */ = {isa = PBXBuildFile; fileRef = B631AD8726EA3E3E00A2F2A7 /* SignInViewController.swift */; };
		B631AD8B26EA3E3E00A2F2A7 /* Main.storyboard in Resources */ = {isa = PBXBuildFile; fileRef = B631AD8926EA3E3E00A2F2A7 /* Main.storyboard */; };
		B631AD8E26EA3E3E00A2F2A7 /* NotesApp.xcdatamodeld in Sources */ = {isa = PBXBuildFile; fileRef = B631AD8C26EA3E3E00A2F2A7 /* NotesApp.xcdatamodeld */; };
		B631AD9026EA3E4000A2F2A7 /* Assets.xcassets in Resources */ = {isa = PBXBuildFile; fileRef = B631AD8F26EA3E4000A2F2A7 /* Assets.xcassets */; };
		B631AD9326EA3E4000A2F2A7 /* LaunchScreen.storyboard in Resources */ = {isa = PBXBuildFile; fileRef = B631AD9126EA3E4000A2F2A7 /* LaunchScreen.storyboard */; };
		B631AD9E26EA3E4100A2F2A7 /* NotesAppTests.swift in Sources */ = {isa = PBXBuildFile; fileRef = B631AD9D26EA3E4100A2F2A7 /* NotesAppTests.swift */; };
		B631ADA926EA3E4100A2F2A7 /* NotesAppUITests.swift in Sources */ = {isa = PBXBuildFile; fileRef = B631ADA826EA3E4100A2F2A7 /* NotesAppUITests.swift */; };
		B63302A72757D2640075B2AD /* UserState.swift in Sources */ = {isa = PBXBuildFile; fileRef = B63302A62757D2640075B2AD /* UserState.swift */; };
		B63302AD2757D3240075B2AD /* LogginMiddleware.swift in Sources */ = {isa = PBXBuildFile; fileRef = B63302AC2757D3240075B2AD /* LogginMiddleware.swift */; };
		B63302B02757D4040075B2AD /* UserAction.swift in Sources */ = {isa = PBXBuildFile; fileRef = B63302AF2757D4040075B2AD /* UserAction.swift */; };
		B63302B82758CA490075B2AD /* Store.swift in Sources */ = {isa = PBXBuildFile; fileRef = B63302B72758CA490075B2AD /* Store.swift */; };
		B63A8E6827623AD800B7BB91 /* Error.swift in Sources */ = {isa = PBXBuildFile; fileRef = B63A8E6727623AD800B7BB91 /* Error.swift */; };
		B63A8E6A27638A4100B7BB91 /* AppAction.swift in Sources */ = {isa = PBXBuildFile; fileRef = B63A8E6927638A4100B7BB91 /* AppAction.swift */; };
		B640D6E226FA07CC006FA9C5 /* SignUpViewModel.swift in Sources */ = {isa = PBXBuildFile; fileRef = B640D6E126FA07CC006FA9C5 /* SignUpViewModel.swift */; };
		B640D6E426FA07DB006FA9C5 /* SignUpBuilder.swift in Sources */ = {isa = PBXBuildFile; fileRef = B640D6E326FA07DB006FA9C5 /* SignUpBuilder.swift */; };
		B640D6E726FA290B006FA9C5 /* NoteViewController.swift in Sources */ = {isa = PBXBuildFile; fileRef = B640D6E626FA290B006FA9C5 /* NoteViewController.swift */; };
		B640D6EB26FA29D4006FA9C5 /* EditNoteSegue.swift in Sources */ = {isa = PBXBuildFile; fileRef = B640D6EA26FA29D4006FA9C5 /* EditNoteSegue.swift */; };
		B64ABEBF26EF9075000FEA0F /* API.swift in Sources */ = {isa = PBXBuildFile; fileRef = B64ABEBE26EF9075000FEA0F /* API.swift */; };
		B64ABEC526F09BAB000FEA0F /* SignUpViewController.swift in Sources */ = {isa = PBXBuildFile; fileRef = B64ABEC426F09BAB000FEA0F /* SignUpViewController.swift */; };
		B64ABEC726F0BE31000FEA0F /* NotesViewController.swift in Sources */ = {isa = PBXBuildFile; fileRef = B64ABEC626F0BE31000FEA0F /* NotesViewController.swift */; };
		B64ABEDA26F0EE8E000FEA0F /* Auth.storyboard in Resources */ = {isa = PBXBuildFile; fileRef = B64ABED926F0EE8E000FEA0F /* Auth.storyboard */; };
		B64ABEDC26F0EEAE000FEA0F /* Notes.storyboard in Resources */ = {isa = PBXBuildFile; fileRef = B64ABEDB26F0EEAE000FEA0F /* Notes.storyboard */; };
		B64ABEDF26F0F1B1000FEA0F /* MainViewController.swift in Sources */ = {isa = PBXBuildFile; fileRef = B64ABEDE26F0F1B1000FEA0F /* MainViewController.swift */; };
		B64ABEE226F0FE48000FEA0F /* ViewController.swift in Sources */ = {isa = PBXBuildFile; fileRef = B64ABEE126F0FE48000FEA0F /* ViewController.swift */; };
		B64ABEE426F0FF50000FEA0F /* MainViewModel.swift in Sources */ = {isa = PBXBuildFile; fileRef = B64ABEE326F0FF50000FEA0F /* MainViewModel.swift */; };
		B64ABEE626F10100000FEA0F /* ViewModel.swift in Sources */ = {isa = PBXBuildFile; fileRef = B64ABEE526F10100000FEA0F /* ViewModel.swift */; };
		B64ABEE826F10A1B000FEA0F /* MainBuilder.swift in Sources */ = {isa = PBXBuildFile; fileRef = B64ABEE726F10A1B000FEA0F /* MainBuilder.swift */; };
		B660691926F32D3900E7A198 /* UserProtocol.swift in Sources */ = {isa = PBXBuildFile; fileRef = B660691826F32D3900E7A198 /* UserProtocol.swift */; };
		B660691B26F372F200E7A198 /* UserModel.swift in Sources */ = {isa = PBXBuildFile; fileRef = B660691A26F372F200E7A198 /* UserModel.swift */; };
		B660E2522757999600E2C9AE /* AppState.swift in Sources */ = {isa = PBXBuildFile; fileRef = B660E2512757999600E2C9AE /* AppState.swift */; };
		B68C5DB026F206A100706D1E /* UserTarget.swift in Sources */ = {isa = PBXBuildFile; fileRef = B68C5DAF26F206A100706D1E /* UserTarget.swift */; };
		B6DA62C6275E6E3B00CAE230 /* UserReducer.swift in Sources */ = {isa = PBXBuildFile; fileRef = B6DA62C5275E6E3B00CAE230 /* UserReducer.swift */; };
		B6DA62C8275E6FEF00CAE230 /* AppReducer.swift in Sources */ = {isa = PBXBuildFile; fileRef = B6DA62C7275E6FEF00CAE230 /* AppReducer.swift */; };
		B6DA62CA275E703D00CAE230 /* AppStore.swift in Sources */ = {isa = PBXBuildFile; fileRef = B6DA62C9275E703D00CAE230 /* AppStore.swift */; };
		B6DA62CC275E714B00CAE230 /* SignUpProtocol.swift in Sources */ = {isa = PBXBuildFile; fileRef = B6DA62CB275E714B00CAE230 /* SignUpProtocol.swift */; };
		B6DA62CE275E741800CAE230 /* SignUpReduxViewModel.swift in Sources */ = {isa = PBXBuildFile; fileRef = B6DA62CD275E741800CAE230 /* SignUpReduxViewModel.swift */; };
		B6DA62D2275E76FD00CAE230 /* SignUpReduxBuilder.swift in Sources */ = {isa = PBXBuildFile; fileRef = B6DA62D1275E76FD00CAE230 /* SignUpReduxBuilder.swift */; };
		B6DA62D4275E779200CAE230 /* SignUpReduxViewController.swift in Sources */ = {isa = PBXBuildFile; fileRef = B6DA62D3275E779200CAE230 /* SignUpReduxViewController.swift */; };
		B6DA62D82760EF8100CAE230 /* SignInReduxViewModel.swift in Sources */ = {isa = PBXBuildFile; fileRef = B6DA62D72760EF8100CAE230 /* SignInReduxViewModel.swift */; };
		B6DA62DA2760EF9400CAE230 /* SignInReduxBuilder.swift in Sources */ = {isa = PBXBuildFile; fileRef = B6DA62D92760EF9400CAE230 /* SignInReduxBuilder.swift */; };
		B6DA62DC2760EFC000CAE230 /* SignInReduxViewController.swift in Sources */ = {isa = PBXBuildFile; fileRef = B6DA62DB2760EFC000CAE230 /* SignInReduxViewController.swift */; };
		B6DA62DE2760EFE000CAE230 /* SignInProtocol.swift in Sources */ = {isa = PBXBuildFile; fileRef = B6DA62DD2760EFE000CAE230 /* SignInProtocol.swift */; };
		B6DBBFD3270B2C2D00133B97 /* NewNoteBuilder.swift in Sources */ = {isa = PBXBuildFile; fileRef = B6DBBFD2270B2C2D00133B97 /* NewNoteBuilder.swift */; };
		B6DBBFD5270B2CBB00133B97 /* NoteViewModel.swift in Sources */ = {isa = PBXBuildFile; fileRef = B6DBBFD4270B2CBB00133B97 /* NoteViewModel.swift */; };
		B6DBBFDB270B2F9400133B97 /* EditNoteViewModel.swift in Sources */ = {isa = PBXBuildFile; fileRef = B6DBBFDA270B2F9400133B97 /* EditNoteViewModel.swift */; };
		B6DBBFDD270B2FDE00133B97 /* NewNoteViewModel.swift in Sources */ = {isa = PBXBuildFile; fileRef = B6DBBFDC270B2FDE00133B97 /* NewNoteViewModel.swift */; };
		C2677B8A26F8D415005D30BF /* TokenHolder.swift in Sources */ = {isa = PBXBuildFile; fileRef = C2677B8926F8D415005D30BF /* TokenHolder.swift */; };
		C2677B8C26F8D811005D30BF /* NotesViewModel.swift in Sources */ = {isa = PBXBuildFile; fileRef = C2677B8B26F8D811005D30BF /* NotesViewModel.swift */; };
		C2677B8E26F8D854005D30BF /* NotesBuilder.swift in Sources */ = {isa = PBXBuildFile; fileRef = C2677B8D26F8D854005D30BF /* NotesBuilder.swift */; };
		C2677B9026F8DF52005D30BF /* MainSegue.swift in Sources */ = {isa = PBXBuildFile; fileRef = C2677B8F26F8DF52005D30BF /* MainSegue.swift */; };
		C2D55419270B4F5500C6F41E /* NotesDataBase.swift in Sources */ = {isa = PBXBuildFile; fileRef = C2D55418270B4F5500C6F41E /* NotesDataBase.swift */; };
		C2D5541B270B54EA00C6F41E /* DataBase.swift in Sources */ = {isa = PBXBuildFile; fileRef = C2D5541A270B54EA00C6F41E /* DataBase.swift */; };
		F0D1D2036EE91A746FC4F352 /* Pods_NotesApp.framework in Frameworks */ = {isa = PBXBuildFile; fileRef = D7355C9ED592B58C1A513032 /* Pods_NotesApp.framework */; };
/* End PBXBuildFile section */

/* Begin PBXContainerItemProxy section */
		B631AD9A26EA3E4100A2F2A7 /* PBXContainerItemProxy */ = {
			isa = PBXContainerItemProxy;
			containerPortal = B631AD7826EA3E3E00A2F2A7 /* Project object */;
			proxyType = 1;
			remoteGlobalIDString = B631AD7F26EA3E3E00A2F2A7;
			remoteInfo = NotesApp;
		};
		B631ADA526EA3E4100A2F2A7 /* PBXContainerItemProxy */ = {
			isa = PBXContainerItemProxy;
			containerPortal = B631AD7826EA3E3E00A2F2A7 /* Project object */;
			proxyType = 1;
			remoteGlobalIDString = B631AD7F26EA3E3E00A2F2A7;
			remoteInfo = NotesApp;
		};
/* End PBXContainerItemProxy section */

/* Begin PBXFileReference section */
		00B053FBA1AEEB441909AF9F /* Pods_NotesAppTests.framework */ = {isa = PBXFileReference; explicitFileType = wrapper.framework; includeInIndex = 0; path = Pods_NotesAppTests.framework; sourceTree = BUILT_PRODUCTS_DIR; };
		4ECC99C3783889BB31B58787 /* Pods-NotesApp.debug.xcconfig */ = {isa = PBXFileReference; includeInIndex = 1; lastKnownFileType = text.xcconfig; name = "Pods-NotesApp.debug.xcconfig"; path = "Target Support Files/Pods-NotesApp/Pods-NotesApp.debug.xcconfig"; sourceTree = "<group>"; };
		818C7F53FE83DADBCCE088EC /* Pods-NotesApp-NotesAppUITests.release.xcconfig */ = {isa = PBXFileReference; includeInIndex = 1; lastKnownFileType = text.xcconfig; name = "Pods-NotesApp-NotesAppUITests.release.xcconfig"; path = "Target Support Files/Pods-NotesApp-NotesAppUITests/Pods-NotesApp-NotesAppUITests.release.xcconfig"; sourceTree = "<group>"; };
		97C683210E2AFF3D26F83C73 /* Pods-NotesApp-NotesAppUITests.debug.xcconfig */ = {isa = PBXFileReference; includeInIndex = 1; lastKnownFileType = text.xcconfig; name = "Pods-NotesApp-NotesAppUITests.debug.xcconfig"; path = "Target Support Files/Pods-NotesApp-NotesAppUITests/Pods-NotesApp-NotesAppUITests.debug.xcconfig"; sourceTree = "<group>"; };
		B5E1FEAE88A74CE3193DDD7C /* Pods-NotesAppTests.release.xcconfig */ = {isa = PBXFileReference; includeInIndex = 1; lastKnownFileType = text.xcconfig; name = "Pods-NotesAppTests.release.xcconfig"; path = "Target Support Files/Pods-NotesAppTests/Pods-NotesAppTests.release.xcconfig"; sourceTree = "<group>"; };
		B60869C82702FC930027250B /* DataBaseCore.swift */ = {isa = PBXFileReference; lastKnownFileType = sourcecode.swift; path = DataBaseCore.swift; sourceTree = "<group>"; };
		B62C408226F8A405006960ED /* UserAPI.swift */ = {isa = PBXFileReference; lastKnownFileType = sourcecode.swift; path = UserAPI.swift; sourceTree = "<group>"; };
		B62C408626F8A4E3006960ED /* NotesProtocol.swift */ = {isa = PBXFileReference; lastKnownFileType = sourcecode.swift; path = NotesProtocol.swift; sourceTree = "<group>"; };
		B62C408826F8A4ED006960ED /* NotesAPI.swift */ = {isa = PBXFileReference; lastKnownFileType = sourcecode.swift; path = NotesAPI.swift; sourceTree = "<group>"; };
		B62C408A26F8A7D2006960ED /* NotesModel.swift */ = {isa = PBXFileReference; lastKnownFileType = sourcecode.swift; path = NotesModel.swift; sourceTree = "<group>"; };
		B62C408C26F8AA6E006960ED /* NotesTarget.swift */ = {isa = PBXFileReference; lastKnownFileType = sourcecode.swift; path = NotesTarget.swift; sourceTree = "<group>"; };
		B62C408E26F8B071006960ED /* SignInViewModel.swift */ = {isa = PBXFileReference; lastKnownFileType = sourcecode.swift; path = SignInViewModel.swift; sourceTree = "<group>"; };
		B62C409026F8B083006960ED /* SignInBuilder.swift */ = {isa = PBXFileReference; lastKnownFileType = sourcecode.swift; path = SignInBuilder.swift; sourceTree = "<group>"; };
		B631AD8026EA3E3E00A2F2A7 /* NotesApp.app */ = {isa = PBXFileReference; explicitFileType = wrapper.application; includeInIndex = 0; path = NotesApp.app; sourceTree = BUILT_PRODUCTS_DIR; };
		B631AD8326EA3E3E00A2F2A7 /* AppDelegate.swift */ = {isa = PBXFileReference; lastKnownFileType = sourcecode.swift; path = AppDelegate.swift; sourceTree = "<group>"; };
		B631AD8526EA3E3E00A2F2A7 /* SceneDelegate.swift */ = {isa = PBXFileReference; lastKnownFileType = sourcecode.swift; path = SceneDelegate.swift; sourceTree = "<group>"; };
		B631AD8726EA3E3E00A2F2A7 /* SignInViewController.swift */ = {isa = PBXFileReference; lastKnownFileType = sourcecode.swift; path = SignInViewController.swift; sourceTree = "<group>"; };
		B631AD8A26EA3E3E00A2F2A7 /* Base */ = {isa = PBXFileReference; lastKnownFileType = file.storyboard; name = Base; path = Base.lproj/Main.storyboard; sourceTree = "<group>"; };
		B631AD8D26EA3E3E00A2F2A7 /* NotesApp.xcdatamodel */ = {isa = PBXFileReference; lastKnownFileType = wrapper.xcdatamodel; path = NotesApp.xcdatamodel; sourceTree = "<group>"; };
		B631AD8F26EA3E4000A2F2A7 /* Assets.xcassets */ = {isa = PBXFileReference; lastKnownFileType = folder.assetcatalog; path = Assets.xcassets; sourceTree = "<group>"; };
		B631AD9226EA3E4000A2F2A7 /* Base */ = {isa = PBXFileReference; lastKnownFileType = file.storyboard; name = Base; path = Base.lproj/LaunchScreen.storyboard; sourceTree = "<group>"; };
		B631AD9426EA3E4000A2F2A7 /* Info.plist */ = {isa = PBXFileReference; lastKnownFileType = text.plist.xml; path = Info.plist; sourceTree = "<group>"; };
		B631AD9926EA3E4100A2F2A7 /* NotesAppTests.xctest */ = {isa = PBXFileReference; explicitFileType = wrapper.cfbundle; includeInIndex = 0; path = NotesAppTests.xctest; sourceTree = BUILT_PRODUCTS_DIR; };
		B631AD9D26EA3E4100A2F2A7 /* NotesAppTests.swift */ = {isa = PBXFileReference; lastKnownFileType = sourcecode.swift; path = NotesAppTests.swift; sourceTree = "<group>"; };
		B631AD9F26EA3E4100A2F2A7 /* Info.plist */ = {isa = PBXFileReference; lastKnownFileType = text.plist.xml; path = Info.plist; sourceTree = "<group>"; };
		B631ADA426EA3E4100A2F2A7 /* NotesAppUITests.xctest */ = {isa = PBXFileReference; explicitFileType = wrapper.cfbundle; includeInIndex = 0; path = NotesAppUITests.xctest; sourceTree = BUILT_PRODUCTS_DIR; };
		B631ADA826EA3E4100A2F2A7 /* NotesAppUITests.swift */ = {isa = PBXFileReference; lastKnownFileType = sourcecode.swift; path = NotesAppUITests.swift; sourceTree = "<group>"; };
		B631ADAA26EA3E4100A2F2A7 /* Info.plist */ = {isa = PBXFileReference; lastKnownFileType = text.plist.xml; path = Info.plist; sourceTree = "<group>"; };
		B63302A62757D2640075B2AD /* UserState.swift */ = {isa = PBXFileReference; lastKnownFileType = sourcecode.swift; path = UserState.swift; sourceTree = "<group>"; };
		B63302AC2757D3240075B2AD /* LogginMiddleware.swift */ = {isa = PBXFileReference; lastKnownFileType = sourcecode.swift; path = LogginMiddleware.swift; sourceTree = "<group>"; };
		B63302AF2757D4040075B2AD /* UserAction.swift */ = {isa = PBXFileReference; lastKnownFileType = sourcecode.swift; path = UserAction.swift; sourceTree = "<group>"; };
		B63302B72758CA490075B2AD /* Store.swift */ = {isa = PBXFileReference; lastKnownFileType = sourcecode.swift; path = Store.swift; sourceTree = "<group>"; };
		B63A8E6727623AD800B7BB91 /* Error.swift */ = {isa = PBXFileReference; lastKnownFileType = sourcecode.swift; path = Error.swift; sourceTree = "<group>"; };
		B63A8E6927638A4100B7BB91 /* AppAction.swift */ = {isa = PBXFileReference; lastKnownFileType = sourcecode.swift; path = AppAction.swift; sourceTree = "<group>"; };
		B640D6E126FA07CC006FA9C5 /* SignUpViewModel.swift */ = {isa = PBXFileReference; lastKnownFileType = sourcecode.swift; path = SignUpViewModel.swift; sourceTree = "<group>"; };
		B640D6E326FA07DB006FA9C5 /* SignUpBuilder.swift */ = {isa = PBXFileReference; lastKnownFileType = sourcecode.swift; path = SignUpBuilder.swift; sourceTree = "<group>"; };
		B640D6E626FA290B006FA9C5 /* NoteViewController.swift */ = {isa = PBXFileReference; lastKnownFileType = sourcecode.swift; path = NoteViewController.swift; sourceTree = "<group>"; };
		B640D6EA26FA29D4006FA9C5 /* EditNoteSegue.swift */ = {isa = PBXFileReference; lastKnownFileType = sourcecode.swift; path = EditNoteSegue.swift; sourceTree = "<group>"; };
		B64ABEBE26EF9075000FEA0F /* API.swift */ = {isa = PBXFileReference; lastKnownFileType = sourcecode.swift; path = API.swift; sourceTree = "<group>"; };
		B64ABEC426F09BAB000FEA0F /* SignUpViewController.swift */ = {isa = PBXFileReference; lastKnownFileType = sourcecode.swift; path = SignUpViewController.swift; sourceTree = "<group>"; };
		B64ABEC626F0BE31000FEA0F /* NotesViewController.swift */ = {isa = PBXFileReference; lastKnownFileType = sourcecode.swift; path = NotesViewController.swift; sourceTree = "<group>"; };
		B64ABED926F0EE8E000FEA0F /* Auth.storyboard */ = {isa = PBXFileReference; lastKnownFileType = file.storyboard; path = Auth.storyboard; sourceTree = "<group>"; };
		B64ABEDB26F0EEAE000FEA0F /* Notes.storyboard */ = {isa = PBXFileReference; lastKnownFileType = file.storyboard; path = Notes.storyboard; sourceTree = "<group>"; };
		B64ABEDE26F0F1B1000FEA0F /* MainViewController.swift */ = {isa = PBXFileReference; lastKnownFileType = sourcecode.swift; path = MainViewController.swift; sourceTree = "<group>"; };
		B64ABEE126F0FE48000FEA0F /* ViewController.swift */ = {isa = PBXFileReference; lastKnownFileType = sourcecode.swift; path = ViewController.swift; sourceTree = "<group>"; };
		B64ABEE326F0FF50000FEA0F /* MainViewModel.swift */ = {isa = PBXFileReference; lastKnownFileType = sourcecode.swift; path = MainViewModel.swift; sourceTree = "<group>"; };
		B64ABEE526F10100000FEA0F /* ViewModel.swift */ = {isa = PBXFileReference; lastKnownFileType = sourcecode.swift; path = ViewModel.swift; sourceTree = "<group>"; };
		B64ABEE726F10A1B000FEA0F /* MainBuilder.swift */ = {isa = PBXFileReference; lastKnownFileType = sourcecode.swift; path = MainBuilder.swift; sourceTree = "<group>"; };
		B660691826F32D3900E7A198 /* UserProtocol.swift */ = {isa = PBXFileReference; lastKnownFileType = sourcecode.swift; path = UserProtocol.swift; sourceTree = "<group>"; };
		B660691A26F372F200E7A198 /* UserModel.swift */ = {isa = PBXFileReference; lastKnownFileType = sourcecode.swift; path = UserModel.swift; sourceTree = "<group>"; };
		B660E2512757999600E2C9AE /* AppState.swift */ = {isa = PBXFileReference; lastKnownFileType = sourcecode.swift; path = AppState.swift; sourceTree = "<group>"; };
		B68C5DAF26F206A100706D1E /* UserTarget.swift */ = {isa = PBXFileReference; lastKnownFileType = sourcecode.swift; path = UserTarget.swift; sourceTree = "<group>"; };
		B6DA62C5275E6E3B00CAE230 /* UserReducer.swift */ = {isa = PBXFileReference; lastKnownFileType = sourcecode.swift; path = UserReducer.swift; sourceTree = "<group>"; };
		B6DA62C7275E6FEF00CAE230 /* AppReducer.swift */ = {isa = PBXFileReference; lastKnownFileType = sourcecode.swift; path = AppReducer.swift; sourceTree = "<group>"; };
		B6DA62C9275E703D00CAE230 /* AppStore.swift */ = {isa = PBXFileReference; lastKnownFileType = sourcecode.swift; path = AppStore.swift; sourceTree = "<group>"; };
		B6DA62CB275E714B00CAE230 /* SignUpProtocol.swift */ = {isa = PBXFileReference; lastKnownFileType = sourcecode.swift; path = SignUpProtocol.swift; sourceTree = "<group>"; };
		B6DA62CD275E741800CAE230 /* SignUpReduxViewModel.swift */ = {isa = PBXFileReference; lastKnownFileType = sourcecode.swift; path = SignUpReduxViewModel.swift; sourceTree = "<group>"; };
		B6DA62D1275E76FD00CAE230 /* SignUpReduxBuilder.swift */ = {isa = PBXFileReference; lastKnownFileType = sourcecode.swift; path = SignUpReduxBuilder.swift; sourceTree = "<group>"; };
		B6DA62D3275E779200CAE230 /* SignUpReduxViewController.swift */ = {isa = PBXFileReference; lastKnownFileType = sourcecode.swift; path = SignUpReduxViewController.swift; sourceTree = "<group>"; };
		B6DA62D72760EF8100CAE230 /* SignInReduxViewModel.swift */ = {isa = PBXFileReference; lastKnownFileType = sourcecode.swift; path = SignInReduxViewModel.swift; sourceTree = "<group>"; };
		B6DA62D92760EF9400CAE230 /* SignInReduxBuilder.swift */ = {isa = PBXFileReference; lastKnownFileType = sourcecode.swift; path = SignInReduxBuilder.swift; sourceTree = "<group>"; };
		B6DA62DB2760EFC000CAE230 /* SignInReduxViewController.swift */ = {isa = PBXFileReference; lastKnownFileType = sourcecode.swift; path = SignInReduxViewController.swift; sourceTree = "<group>"; };
		B6DA62DD2760EFE000CAE230 /* SignInProtocol.swift */ = {isa = PBXFileReference; lastKnownFileType = sourcecode.swift; path = SignInProtocol.swift; sourceTree = "<group>"; };
		B6DBBFD2270B2C2D00133B97 /* NewNoteBuilder.swift */ = {isa = PBXFileReference; lastKnownFileType = sourcecode.swift; path = NewNoteBuilder.swift; sourceTree = "<group>"; };
		B6DBBFD4270B2CBB00133B97 /* NoteViewModel.swift */ = {isa = PBXFileReference; lastKnownFileType = sourcecode.swift; path = NoteViewModel.swift; sourceTree = "<group>"; };
		B6DBBFDA270B2F9400133B97 /* EditNoteViewModel.swift */ = {isa = PBXFileReference; lastKnownFileType = sourcecode.swift; path = EditNoteViewModel.swift; sourceTree = "<group>"; };
		B6DBBFDC270B2FDE00133B97 /* NewNoteViewModel.swift */ = {isa = PBXFileReference; lastKnownFileType = sourcecode.swift; path = NewNoteViewModel.swift; sourceTree = "<group>"; };
		C2677B8926F8D415005D30BF /* TokenHolder.swift */ = {isa = PBXFileReference; lastKnownFileType = sourcecode.swift; path = TokenHolder.swift; sourceTree = "<group>"; };
		C2677B8B26F8D811005D30BF /* NotesViewModel.swift */ = {isa = PBXFileReference; lastKnownFileType = sourcecode.swift; path = NotesViewModel.swift; sourceTree = "<group>"; };
		C2677B8D26F8D854005D30BF /* NotesBuilder.swift */ = {isa = PBXFileReference; lastKnownFileType = sourcecode.swift; path = NotesBuilder.swift; sourceTree = "<group>"; };
		C2677B8F26F8DF52005D30BF /* MainSegue.swift */ = {isa = PBXFileReference; lastKnownFileType = sourcecode.swift; path = MainSegue.swift; sourceTree = "<group>"; };
		C2D55418270B4F5500C6F41E /* NotesDataBase.swift */ = {isa = PBXFileReference; lastKnownFileType = sourcecode.swift; path = NotesDataBase.swift; sourceTree = "<group>"; };
		C2D5541A270B54EA00C6F41E /* DataBase.swift */ = {isa = PBXFileReference; lastKnownFileType = sourcecode.swift; path = DataBase.swift; sourceTree = "<group>"; };
		D7355C9ED592B58C1A513032 /* Pods_NotesApp.framework */ = {isa = PBXFileReference; explicitFileType = wrapper.framework; includeInIndex = 0; path = Pods_NotesApp.framework; sourceTree = BUILT_PRODUCTS_DIR; };
		E1A1509A99A16BA9FD1E1630 /* Pods_NotesApp_NotesAppUITests.framework */ = {isa = PBXFileReference; explicitFileType = wrapper.framework; includeInIndex = 0; path = Pods_NotesApp_NotesAppUITests.framework; sourceTree = BUILT_PRODUCTS_DIR; };
		F8C09DD25A1D9DBB5ECDAAC0 /* Pods-NotesApp.release.xcconfig */ = {isa = PBXFileReference; includeInIndex = 1; lastKnownFileType = text.xcconfig; name = "Pods-NotesApp.release.xcconfig"; path = "Target Support Files/Pods-NotesApp/Pods-NotesApp.release.xcconfig"; sourceTree = "<group>"; };
		FDC75CA4B5234C9C60C5FAC5 /* Pods-NotesAppTests.debug.xcconfig */ = {isa = PBXFileReference; includeInIndex = 1; lastKnownFileType = text.xcconfig; name = "Pods-NotesAppTests.debug.xcconfig"; path = "Target Support Files/Pods-NotesAppTests/Pods-NotesAppTests.debug.xcconfig"; sourceTree = "<group>"; };
/* End PBXFileReference section */

/* Begin PBXFrameworksBuildPhase section */
		B631AD7D26EA3E3E00A2F2A7 /* Frameworks */ = {
			isa = PBXFrameworksBuildPhase;
			buildActionMask = 2147483647;
			files = (
				F0D1D2036EE91A746FC4F352 /* Pods_NotesApp.framework in Frameworks */,
			);
			runOnlyForDeploymentPostprocessing = 0;
		};
		B631AD9626EA3E4100A2F2A7 /* Frameworks */ = {
			isa = PBXFrameworksBuildPhase;
			buildActionMask = 2147483647;
			files = (
				797AE75192DCB95598213628 /* Pods_NotesAppTests.framework in Frameworks */,
			);
			runOnlyForDeploymentPostprocessing = 0;
		};
		B631ADA126EA3E4100A2F2A7 /* Frameworks */ = {
			isa = PBXFrameworksBuildPhase;
			buildActionMask = 2147483647;
			files = (
				0C31D6421154F5989FAD3FA2 /* Pods_NotesApp_NotesAppUITests.framework in Frameworks */,
			);
			runOnlyForDeploymentPostprocessing = 0;
		};
/* End PBXFrameworksBuildPhase section */

/* Begin PBXGroup section */
		00680633304D4D48D50D8209 /* Pods */ = {
			isa = PBXGroup;
			children = (
				4ECC99C3783889BB31B58787 /* Pods-NotesApp.debug.xcconfig */,
				F8C09DD25A1D9DBB5ECDAAC0 /* Pods-NotesApp.release.xcconfig */,
				97C683210E2AFF3D26F83C73 /* Pods-NotesApp-NotesAppUITests.debug.xcconfig */,
				818C7F53FE83DADBCCE088EC /* Pods-NotesApp-NotesAppUITests.release.xcconfig */,
				FDC75CA4B5234C9C60C5FAC5 /* Pods-NotesAppTests.debug.xcconfig */,
				B5E1FEAE88A74CE3193DDD7C /* Pods-NotesAppTests.release.xcconfig */,
			);
			path = Pods;
			sourceTree = "<group>";
		};
		A141CAD5302D09BA740C5C0D /* Frameworks */ = {
			isa = PBXGroup;
			children = (
				D7355C9ED592B58C1A513032 /* Pods_NotesApp.framework */,
				E1A1509A99A16BA9FD1E1630 /* Pods_NotesApp_NotesAppUITests.framework */,
				00B053FBA1AEEB441909AF9F /* Pods_NotesAppTests.framework */,
			);
			name = Frameworks;
			sourceTree = "<group>";
		};
		B62C408426F8A4A2006960ED /* User */ = {
			isa = PBXGroup;
			children = (
				B660691826F32D3900E7A198 /* UserProtocol.swift */,
				B62C408226F8A405006960ED /* UserAPI.swift */,
				B660691A26F372F200E7A198 /* UserModel.swift */,
				B68C5DAF26F206A100706D1E /* UserTarget.swift */,
			);
			path = User;
			sourceTree = "<group>";
		};
		B62C408526F8A4CB006960ED /* Notes */ = {
			isa = PBXGroup;
			children = (
				B62C408626F8A4E3006960ED /* NotesProtocol.swift */,
				B62C408826F8A4ED006960ED /* NotesAPI.swift */,
				B62C408A26F8A7D2006960ED /* NotesModel.swift */,
				B62C408C26F8AA6E006960ED /* NotesTarget.swift */,
			);
			path = Notes;
			sourceTree = "<group>";
		};
		B631AD7726EA3E3E00A2F2A7 = {
			isa = PBXGroup;
			children = (
				B631AD8226EA3E3E00A2F2A7 /* NotesApp */,
				B631AD9C26EA3E4100A2F2A7 /* NotesAppTests */,
				B631ADA726EA3E4100A2F2A7 /* NotesAppUITests */,
				B631AD8126EA3E3E00A2F2A7 /* Products */,
				00680633304D4D48D50D8209 /* Pods */,
				A141CAD5302D09BA740C5C0D /* Frameworks */,
			);
			sourceTree = "<group>";
		};
		B631AD8126EA3E3E00A2F2A7 /* Products */ = {
			isa = PBXGroup;
			children = (
				B631AD8026EA3E3E00A2F2A7 /* NotesApp.app */,
				B631AD9926EA3E4100A2F2A7 /* NotesAppTests.xctest */,
				B631ADA426EA3E4100A2F2A7 /* NotesAppUITests.xctest */,
			);
			name = Products;
			sourceTree = "<group>";
		};
		B631AD8226EA3E3E00A2F2A7 /* NotesApp */ = {
			isa = PBXGroup;
			children = (
				B6DA62C3275E6D1F00CAE230 /* Redux */,
				B64ABECB26F0EC6F000FEA0F /* Screen */,
				B64ABEB726EF6452000FEA0F /* Service */,
				B64ABED226F0ED24000FEA0F /* Misc */,
				B64ABED326F0ED41000FEA0F /* Resources */,
			);
			path = NotesApp;
			sourceTree = "<group>";
		};
		B631AD9C26EA3E4100A2F2A7 /* NotesAppTests */ = {
			isa = PBXGroup;
			children = (
				B631AD9D26EA3E4100A2F2A7 /* NotesAppTests.swift */,
				B631AD9F26EA3E4100A2F2A7 /* Info.plist */,
			);
			path = NotesAppTests;
			sourceTree = "<group>";
		};
		B631ADA726EA3E4100A2F2A7 /* NotesAppUITests */ = {
			isa = PBXGroup;
			children = (
				B631ADA826EA3E4100A2F2A7 /* NotesAppUITests.swift */,
				B631ADAA26EA3E4100A2F2A7 /* Info.plist */,
			);
			path = NotesAppUITests;
			sourceTree = "<group>";
		};
		B640D6E526FA28E8006FA9C5 /* Note */ = {
			isa = PBXGroup;
			children = (
				B640D6E626FA290B006FA9C5 /* NoteViewController.swift */,
				B6DBBFD4270B2CBB00133B97 /* NoteViewModel.swift */,
				B6DBBFD7270B2EEF00133B97 /* Edit */,
				B6DBBFD6270B2EE700133B97 /* New */,
			);
			path = Note;
			sourceTree = "<group>";
		};
		B64ABEB726EF6452000FEA0F /* Service */ = {
			isa = PBXGroup;
			children = (
				B64ABED726F0EDF9000FEA0F /* DB */,
				B64ABEBD26EF9062000FEA0F /* API */,
			);
			path = Service;
			sourceTree = "<group>";
		};
		B64ABEBD26EF9062000FEA0F /* API */ = {
			isa = PBXGroup;
			children = (
				B62C408526F8A4CB006960ED /* Notes */,
				B62C408426F8A4A2006960ED /* User */,
				B64ABEBE26EF9075000FEA0F /* API.swift */,
				C2677B8926F8D415005D30BF /* TokenHolder.swift */,
			);
			path = API;
			sourceTree = "<group>";
		};
		B64ABECB26F0EC6F000FEA0F /* Screen */ = {
			isa = PBXGroup;
			children = (
				B64ABEE026F0FE32000FEA0F /* Misc */,
				B64ABEDD26F0F193000FEA0F /* Main */,
				B64ABED126F0ECC8000FEA0F /* Auth */,
				B64ABED026F0ECB4000FEA0F /* Notes */,
			);
			path = Screen;
			sourceTree = "<group>";
		};
		B64ABECC26F0EC93000FEA0F /* SignIn */ = {
			isa = PBXGroup;
			children = (
				B6DA62DD2760EFE000CAE230 /* SignInProtocol.swift */,
				B631AD8726EA3E3E00A2F2A7 /* SignInViewController.swift */,
				B6DA62D62760EF4800CAE230 /* Simple */,
				B6DA62D52760EF3C00CAE230 /* Redux */,
			);
			path = SignIn;
			sourceTree = "<group>";
		};
		B64ABECD26F0EC9E000FEA0F /* SignUp */ = {
			isa = PBXGroup;
			children = (
				B6DA62CB275E714B00CAE230 /* SignUpProtocol.swift */,
				B64ABEC426F09BAB000FEA0F /* SignUpViewController.swift */,
				B6DA62D0275E742F00CAE230 /* Redux */,
				B6DA62CF275E742600CAE230 /* Simple */,
			);
			path = SignUp;
			sourceTree = "<group>";
		};
		B64ABECE26F0ECA6000FEA0F /* List */ = {
			isa = PBXGroup;
			children = (
				B64ABEC626F0BE31000FEA0F /* NotesViewController.swift */,
				C2677B8B26F8D811005D30BF /* NotesViewModel.swift */,
				C2677B8D26F8D854005D30BF /* NotesBuilder.swift */,
			);
			path = List;
			sourceTree = "<group>";
		};
		B64ABED026F0ECB4000FEA0F /* Notes */ = {
			isa = PBXGroup;
			children = (
				B64ABEDB26F0EEAE000FEA0F /* Notes.storyboard */,
				B640D6E526FA28E8006FA9C5 /* Note */,
				B64ABECE26F0ECA6000FEA0F /* List */,
			);
			path = Notes;
			sourceTree = "<group>";
		};
		B64ABED126F0ECC8000FEA0F /* Auth */ = {
			isa = PBXGroup;
			children = (
				B64ABED926F0EE8E000FEA0F /* Auth.storyboard */,
				B64ABECC26F0EC93000FEA0F /* SignIn */,
				B64ABECD26F0EC9E000FEA0F /* SignUp */,
			);
			path = Auth;
			sourceTree = "<group>";
		};
		B64ABED226F0ED24000FEA0F /* Misc */ = {
			isa = PBXGroup;
			children = (
				B631AD8326EA3E3E00A2F2A7 /* AppDelegate.swift */,
				B631AD8526EA3E3E00A2F2A7 /* SceneDelegate.swift */,
			);
			path = Misc;
			sourceTree = "<group>";
		};
		B64ABED326F0ED41000FEA0F /* Resources */ = {
			isa = PBXGroup;
			children = (
				B631AD9426EA3E4000A2F2A7 /* Info.plist */,
				B631AD8F26EA3E4000A2F2A7 /* Assets.xcassets */,
				B631AD8C26EA3E3E00A2F2A7 /* NotesApp.xcdatamodeld */,
				B631AD9126EA3E4000A2F2A7 /* LaunchScreen.storyboard */,
			);
			path = Resources;
			sourceTree = "<group>";
		};
		B64ABED726F0EDF9000FEA0F /* DB */ = {
			isa = PBXGroup;
			children = (
				C2D5541A270B54EA00C6F41E /* DataBase.swift */,
				B60869C82702FC930027250B /* DataBaseCore.swift */,
				C2D55418270B4F5500C6F41E /* NotesDataBase.swift */,
			);
			path = DB;
			sourceTree = "<group>";
		};
		B64ABEDD26F0F193000FEA0F /* Main */ = {
			isa = PBXGroup;
			children = (
				B631AD8926EA3E3E00A2F2A7 /* Main.storyboard */,
				B64ABEDE26F0F1B1000FEA0F /* MainViewController.swift */,
				B64ABEE326F0FF50000FEA0F /* MainViewModel.swift */,
				B64ABEE726F10A1B000FEA0F /* MainBuilder.swift */,
				C2677B8F26F8DF52005D30BF /* MainSegue.swift */,
			);
			path = Main;
			sourceTree = "<group>";
		};
		B64ABEE026F0FE32000FEA0F /* Misc */ = {
			isa = PBXGroup;
			children = (
				B64ABEE126F0FE48000FEA0F /* ViewController.swift */,
				B64ABEE526F10100000FEA0F /* ViewModel.swift */,
			);
			path = Misc;
			sourceTree = "<group>";
		};
		B6DA62C3275E6D1F00CAE230 /* Redux */ = {
			isa = PBXGroup;
			children = (
				B63302B72758CA490075B2AD /* Store.swift */,
				B6DA62C9275E703D00CAE230 /* AppStore.swift */,
				B660E2512757999600E2C9AE /* AppState.swift */,
				B6DA62C7275E6FEF00CAE230 /* AppReducer.swift */,
				B63A8E6927638A4100B7BB91 /* AppAction.swift */,
				B63A8E6727623AD800B7BB91 /* Error.swift */,
				B6DA62C4275E6D2700CAE230 /* User */,
			);
			path = Redux;
			sourceTree = "<group>";
		};
		B6DA62C4275E6D2700CAE230 /* User */ = {
			isa = PBXGroup;
			children = (
				B63302AF2757D4040075B2AD /* UserAction.swift */,
				B63302A62757D2640075B2AD /* UserState.swift */,
				B63302AC2757D3240075B2AD /* LogginMiddleware.swift */,
				B6DA62C5275E6E3B00CAE230 /* UserReducer.swift */,
			);
			path = User;
			sourceTree = "<group>";
		};
		B6DA62CF275E742600CAE230 /* Simple */ = {
			isa = PBXGroup;
			children = (
				B640D6E126FA07CC006FA9C5 /* SignUpViewModel.swift */,
				B640D6E326FA07DB006FA9C5 /* SignUpBuilder.swift */,
			);
			path = Simple;
			sourceTree = "<group>";
		};
		B6DA62D0275E742F00CAE230 /* Redux */ = {
			isa = PBXGroup;
			children = (
				B6DA62CD275E741800CAE230 /* SignUpReduxViewModel.swift */,
				B6DA62D1275E76FD00CAE230 /* SignUpReduxBuilder.swift */,
				B6DA62D3275E779200CAE230 /* SignUpReduxViewController.swift */,
			);
			path = Redux;
			sourceTree = "<group>";
		};
		B6DA62D52760EF3C00CAE230 /* Redux */ = {
			isa = PBXGroup;
			children = (
				B6DA62D72760EF8100CAE230 /* SignInReduxViewModel.swift */,
				B6DA62D92760EF9400CAE230 /* SignInReduxBuilder.swift */,
				B6DA62DB2760EFC000CAE230 /* SignInReduxViewController.swift */,
			);
			path = Redux;
			sourceTree = "<group>";
		};
		B6DA62D62760EF4800CAE230 /* Simple */ = {
			isa = PBXGroup;
			children = (
				B62C408E26F8B071006960ED /* SignInViewModel.swift */,
				B62C409026F8B083006960ED /* SignInBuilder.swift */,
			);
			path = Simple;
			sourceTree = "<group>";
		};
		B6DBBFD6270B2EE700133B97 /* New */ = {
			isa = PBXGroup;
			children = (
				B6DBBFDC270B2FDE00133B97 /* NewNoteViewModel.swift */,
				B6DBBFD2270B2C2D00133B97 /* NewNoteBuilder.swift */,
			);
			path = New;
			sourceTree = "<group>";
		};
		B6DBBFD7270B2EEF00133B97 /* Edit */ = {
			isa = PBXGroup;
			children = (
				B6DBBFDA270B2F9400133B97 /* EditNoteViewModel.swift */,
				B640D6EA26FA29D4006FA9C5 /* EditNoteSegue.swift */,
			);
			path = Edit;
			sourceTree = "<group>";
		};
/* End PBXGroup section */

/* Begin PBXNativeTarget section */
		B631AD7F26EA3E3E00A2F2A7 /* NotesApp */ = {
			isa = PBXNativeTarget;
			buildConfigurationList = B631ADAD26EA3E4100A2F2A7 /* Build configuration list for PBXNativeTarget "NotesApp" */;
			buildPhases = (
				4DEB7DDF77A9238613F15A55 /* [CP] Check Pods Manifest.lock */,
				C2677B8826F8BB17005D30BF /* [CP] Copy Pods Frameworks */,
				B631AD7C26EA3E3E00A2F2A7 /* Sources */,
				B631AD7D26EA3E3E00A2F2A7 /* Frameworks */,
				B631AD7E26EA3E3E00A2F2A7 /* Resources */,
				A85375F850BF7E5970535D7D /* [CP] Embed Pods Frameworks */,
			);
			buildRules = (
			);
			dependencies = (
			);
			name = NotesApp;
			productName = NotesApp;
			productReference = B631AD8026EA3E3E00A2F2A7 /* NotesApp.app */;
			productType = "com.apple.product-type.application";
		};
		B631AD9826EA3E4100A2F2A7 /* NotesAppTests */ = {
			isa = PBXNativeTarget;
			buildConfigurationList = B631ADB026EA3E4100A2F2A7 /* Build configuration list for PBXNativeTarget "NotesAppTests" */;
			buildPhases = (
				58DA8B25EC82DC4319E43EDE /* [CP] Check Pods Manifest.lock */,
				B631AD9526EA3E4100A2F2A7 /* Sources */,
				B631AD9626EA3E4100A2F2A7 /* Frameworks */,
				B631AD9726EA3E4100A2F2A7 /* Resources */,
			);
			buildRules = (
			);
			dependencies = (
				B631AD9B26EA3E4100A2F2A7 /* PBXTargetDependency */,
			);
			name = NotesAppTests;
			productName = NotesAppTests;
			productReference = B631AD9926EA3E4100A2F2A7 /* NotesAppTests.xctest */;
			productType = "com.apple.product-type.bundle.unit-test";
		};
		B631ADA326EA3E4100A2F2A7 /* NotesAppUITests */ = {
			isa = PBXNativeTarget;
			buildConfigurationList = B631ADB326EA3E4100A2F2A7 /* Build configuration list for PBXNativeTarget "NotesAppUITests" */;
			buildPhases = (
				5D76BD3B71F5DE21EB10C9C6 /* [CP] Check Pods Manifest.lock */,
				B631ADA026EA3E4100A2F2A7 /* Sources */,
				B631ADA126EA3E4100A2F2A7 /* Frameworks */,
				B631ADA226EA3E4100A2F2A7 /* Resources */,
				1D81C13DE1EACF091D7486A9 /* [CP] Embed Pods Frameworks */,
			);
			buildRules = (
			);
			dependencies = (
				B631ADA626EA3E4100A2F2A7 /* PBXTargetDependency */,
			);
			name = NotesAppUITests;
			productName = NotesAppUITests;
			productReference = B631ADA426EA3E4100A2F2A7 /* NotesAppUITests.xctest */;
			productType = "com.apple.product-type.bundle.ui-testing";
		};
/* End PBXNativeTarget section */

/* Begin PBXProject section */
		B631AD7826EA3E3E00A2F2A7 /* Project object */ = {
			isa = PBXProject;
			attributes = {
				LastSwiftUpdateCheck = 1250;
				LastUpgradeCheck = 1250;
				TargetAttributes = {
					B631AD7F26EA3E3E00A2F2A7 = {
						CreatedOnToolsVersion = 12.5.1;
					};
					B631AD9826EA3E4100A2F2A7 = {
						CreatedOnToolsVersion = 12.5.1;
						TestTargetID = B631AD7F26EA3E3E00A2F2A7;
					};
					B631ADA326EA3E4100A2F2A7 = {
						CreatedOnToolsVersion = 12.5.1;
						TestTargetID = B631AD7F26EA3E3E00A2F2A7;
					};
				};
			};
			buildConfigurationList = B631AD7B26EA3E3E00A2F2A7 /* Build configuration list for PBXProject "NotesApp" */;
			compatibilityVersion = "Xcode 9.3";
			developmentRegion = en;
			hasScannedForEncodings = 0;
			knownRegions = (
				en,
				Base,
			);
			mainGroup = B631AD7726EA3E3E00A2F2A7;
			productRefGroup = B631AD8126EA3E3E00A2F2A7 /* Products */;
			projectDirPath = "";
			projectRoot = "";
			targets = (
				B631AD7F26EA3E3E00A2F2A7 /* NotesApp */,
				B631AD9826EA3E4100A2F2A7 /* NotesAppTests */,
				B631ADA326EA3E4100A2F2A7 /* NotesAppUITests */,
			);
		};
/* End PBXProject section */

/* Begin PBXResourcesBuildPhase section */
		B631AD7E26EA3E3E00A2F2A7 /* Resources */ = {
			isa = PBXResourcesBuildPhase;
			buildActionMask = 2147483647;
			files = (
				B64ABEDA26F0EE8E000FEA0F /* Auth.storyboard in Resources */,
				B631AD9326EA3E4000A2F2A7 /* LaunchScreen.storyboard in Resources */,
				B64ABEDC26F0EEAE000FEA0F /* Notes.storyboard in Resources */,
				B631AD9026EA3E4000A2F2A7 /* Assets.xcassets in Resources */,
				B631AD8B26EA3E3E00A2F2A7 /* Main.storyboard in Resources */,
			);
			runOnlyForDeploymentPostprocessing = 0;
		};
		B631AD9726EA3E4100A2F2A7 /* Resources */ = {
			isa = PBXResourcesBuildPhase;
			buildActionMask = 2147483647;
			files = (
			);
			runOnlyForDeploymentPostprocessing = 0;
		};
		B631ADA226EA3E4100A2F2A7 /* Resources */ = {
			isa = PBXResourcesBuildPhase;
			buildActionMask = 2147483647;
			files = (
			);
			runOnlyForDeploymentPostprocessing = 0;
		};
/* End PBXResourcesBuildPhase section */

/* Begin PBXShellScriptBuildPhase section */
		1D81C13DE1EACF091D7486A9 /* [CP] Embed Pods Frameworks */ = {
			isa = PBXShellScriptBuildPhase;
			buildActionMask = 2147483647;
			files = (
			);
			inputFileListPaths = (
				"${PODS_ROOT}/Target Support Files/Pods-NotesApp-NotesAppUITests/Pods-NotesApp-NotesAppUITests-frameworks-${CONFIGURATION}-input-files.xcfilelist",
			);
			name = "[CP] Embed Pods Frameworks";
			outputFileListPaths = (
				"${PODS_ROOT}/Target Support Files/Pods-NotesApp-NotesAppUITests/Pods-NotesApp-NotesAppUITests-frameworks-${CONFIGURATION}-output-files.xcfilelist",
			);
			runOnlyForDeploymentPostprocessing = 0;
			shellPath = /bin/sh;
			shellScript = "\"${PODS_ROOT}/Target Support Files/Pods-NotesApp-NotesAppUITests/Pods-NotesApp-NotesAppUITests-frameworks.sh\"\n";
			showEnvVarsInLog = 0;
		};
		4DEB7DDF77A9238613F15A55 /* [CP] Check Pods Manifest.lock */ = {
			isa = PBXShellScriptBuildPhase;
			buildActionMask = 2147483647;
			files = (
			);
			inputFileListPaths = (
			);
			inputPaths = (
				"${PODS_PODFILE_DIR_PATH}/Podfile.lock",
				"${PODS_ROOT}/Manifest.lock",
			);
			name = "[CP] Check Pods Manifest.lock";
			outputFileListPaths = (
			);
			outputPaths = (
				"$(DERIVED_FILE_DIR)/Pods-NotesApp-checkManifestLockResult.txt",
			);
			runOnlyForDeploymentPostprocessing = 0;
			shellPath = /bin/sh;
			shellScript = "diff \"${PODS_PODFILE_DIR_PATH}/Podfile.lock\" \"${PODS_ROOT}/Manifest.lock\" > /dev/null\nif [ $? != 0 ] ; then\n    # print error to STDERR\n    echo \"error: The sandbox is not in sync with the Podfile.lock. Run 'pod install' or update your CocoaPods installation.\" >&2\n    exit 1\nfi\n# This output is used by Xcode 'outputs' to avoid re-running this script phase.\necho \"SUCCESS\" > \"${SCRIPT_OUTPUT_FILE_0}\"\n";
			showEnvVarsInLog = 0;
		};
		58DA8B25EC82DC4319E43EDE /* [CP] Check Pods Manifest.lock */ = {
			isa = PBXShellScriptBuildPhase;
			buildActionMask = 2147483647;
			files = (
			);
			inputFileListPaths = (
			);
			inputPaths = (
				"${PODS_PODFILE_DIR_PATH}/Podfile.lock",
				"${PODS_ROOT}/Manifest.lock",
			);
			name = "[CP] Check Pods Manifest.lock";
			outputFileListPaths = (
			);
			outputPaths = (
				"$(DERIVED_FILE_DIR)/Pods-NotesAppTests-checkManifestLockResult.txt",
			);
			runOnlyForDeploymentPostprocessing = 0;
			shellPath = /bin/sh;
			shellScript = "diff \"${PODS_PODFILE_DIR_PATH}/Podfile.lock\" \"${PODS_ROOT}/Manifest.lock\" > /dev/null\nif [ $? != 0 ] ; then\n    # print error to STDERR\n    echo \"error: The sandbox is not in sync with the Podfile.lock. Run 'pod install' or update your CocoaPods installation.\" >&2\n    exit 1\nfi\n# This output is used by Xcode 'outputs' to avoid re-running this script phase.\necho \"SUCCESS\" > \"${SCRIPT_OUTPUT_FILE_0}\"\n";
			showEnvVarsInLog = 0;
		};
		5D76BD3B71F5DE21EB10C9C6 /* [CP] Check Pods Manifest.lock */ = {
			isa = PBXShellScriptBuildPhase;
			buildActionMask = 2147483647;
			files = (
			);
			inputFileListPaths = (
			);
			inputPaths = (
				"${PODS_PODFILE_DIR_PATH}/Podfile.lock",
				"${PODS_ROOT}/Manifest.lock",
			);
			name = "[CP] Check Pods Manifest.lock";
			outputFileListPaths = (
			);
			outputPaths = (
				"$(DERIVED_FILE_DIR)/Pods-NotesApp-NotesAppUITests-checkManifestLockResult.txt",
			);
			runOnlyForDeploymentPostprocessing = 0;
			shellPath = /bin/sh;
			shellScript = "diff \"${PODS_PODFILE_DIR_PATH}/Podfile.lock\" \"${PODS_ROOT}/Manifest.lock\" > /dev/null\nif [ $? != 0 ] ; then\n    # print error to STDERR\n    echo \"error: The sandbox is not in sync with the Podfile.lock. Run 'pod install' or update your CocoaPods installation.\" >&2\n    exit 1\nfi\n# This output is used by Xcode 'outputs' to avoid re-running this script phase.\necho \"SUCCESS\" > \"${SCRIPT_OUTPUT_FILE_0}\"\n";
			showEnvVarsInLog = 0;
		};
		A85375F850BF7E5970535D7D /* [CP] Embed Pods Frameworks */ = {
			isa = PBXShellScriptBuildPhase;
			buildActionMask = 2147483647;
			files = (
			);
			inputFileListPaths = (
				"${PODS_ROOT}/Target Support Files/Pods-NotesApp/Pods-NotesApp-frameworks-${CONFIGURATION}-input-files.xcfilelist",
			);
			name = "[CP] Embed Pods Frameworks";
			outputFileListPaths = (
				"${PODS_ROOT}/Target Support Files/Pods-NotesApp/Pods-NotesApp-frameworks-${CONFIGURATION}-output-files.xcfilelist",
			);
			runOnlyForDeploymentPostprocessing = 0;
			shellPath = /bin/sh;
			shellScript = "\"${PODS_ROOT}/Target Support Files/Pods-NotesApp/Pods-NotesApp-frameworks.sh\"\n";
			showEnvVarsInLog = 0;
		};
		C2677B8826F8BB17005D30BF /* [CP] Copy Pods Frameworks */ = {
			isa = PBXShellScriptBuildPhase;
			buildActionMask = 2147483647;
			files = (
			);
			inputFileListPaths = (
			);
			inputPaths = (
			);
			name = "[CP] Copy Pods Frameworks";
			outputFileListPaths = (
			);
			outputPaths = (
			);
			runOnlyForDeploymentPostprocessing = 0;
			shellPath = /bin/sh;
			shellScript = "#\"${PODS_ROOT}/Target Support Files/Pods-NotesApp/Pods-NotesApp-frameworks.sh\"\n";
		};
/* End PBXShellScriptBuildPhase section */

/* Begin PBXSourcesBuildPhase section */
		B631AD7C26EA3E3E00A2F2A7 /* Sources */ = {
			isa = PBXSourcesBuildPhase;
			buildActionMask = 2147483647;
			files = (
				B6DA62CE275E741800CAE230 /* SignUpReduxViewModel.swift in Sources */,
				B640D6E726FA290B006FA9C5 /* NoteViewController.swift in Sources */,
				B62C409126F8B083006960ED /* SignInBuilder.swift in Sources */,
				B63302AD2757D3240075B2AD /* LogginMiddleware.swift in Sources */,
				B6DBBFDD270B2FDE00133B97 /* NewNoteViewModel.swift in Sources */,
				B6DA62DC2760EFC000CAE230 /* SignInReduxViewController.swift in Sources */,
				B63302B82758CA490075B2AD /* Store.swift in Sources */,
				B64ABEBF26EF9075000FEA0F /* API.swift in Sources */,
				B6DA62D82760EF8100CAE230 /* SignInReduxViewModel.swift in Sources */,
				B6DA62DA2760EF9400CAE230 /* SignInReduxBuilder.swift in Sources */,
				B6DA62CA275E703D00CAE230 /* AppStore.swift in Sources */,
				B631AD8826EA3E3E00A2F2A7 /* SignInViewController.swift in Sources */,
				B62C408726F8A4E3006960ED /* NotesProtocol.swift in Sources */,
				B6DBBFDB270B2F9400133B97 /* EditNoteViewModel.swift in Sources */,
				B64ABEE226F0FE48000FEA0F /* ViewController.swift in Sources */,
				B62C408B26F8A7D3006960ED /* NotesModel.swift in Sources */,
				B631AD8426EA3E3E00A2F2A7 /* AppDelegate.swift in Sources */,
				B64ABEE626F10100000FEA0F /* ViewModel.swift in Sources */,
				B62C408F26F8B071006960ED /* SignInViewModel.swift in Sources */,
				B6DA62C6275E6E3B00CAE230 /* UserReducer.swift in Sources */,
				B63302A72757D2640075B2AD /* UserState.swift in Sources */,
				B6DA62DE2760EFE000CAE230 /* SignInProtocol.swift in Sources */,
				B660E2522757999600E2C9AE /* AppState.swift in Sources */,
				B64ABEC726F0BE31000FEA0F /* NotesViewController.swift in Sources */,
				B64ABEC526F09BAB000FEA0F /* SignUpViewController.swift in Sources */,
				C2677B8A26F8D415005D30BF /* TokenHolder.swift in Sources */,
				B6DA62CC275E714B00CAE230 /* SignUpProtocol.swift in Sources */,
				B660691926F32D3900E7A198 /* UserProtocol.swift in Sources */,
				B6DA62D2275E76FD00CAE230 /* SignUpReduxBuilder.swift in Sources */,
				C2D5541B270B54EA00C6F41E /* DataBase.swift in Sources */,
				B640D6E226FA07CC006FA9C5 /* SignUpViewModel.swift in Sources */,
				C2677B8E26F8D854005D30BF /* NotesBuilder.swift in Sources */,
				B631AD8626EA3E3E00A2F2A7 /* SceneDelegate.swift in Sources */,
				B64ABEE826F10A1B000FEA0F /* MainBuilder.swift in Sources */,
				B63A8E6827623AD800B7BB91 /* Error.swift in Sources */,
				B6DBBFD5270B2CBB00133B97 /* NoteViewModel.swift in Sources */,
				C2677B9026F8DF52005D30BF /* MainSegue.swift in Sources */,
				B63A8E6A27638A4100B7BB91 /* AppAction.swift in Sources */,
				B60869C92702FC930027250B /* DataBaseCore.swift in Sources */,
				B68C5DB026F206A100706D1E /* UserTarget.swift in Sources */,
				B660691B26F372F200E7A198 /* UserModel.swift in Sources */,
				B640D6EB26FA29D4006FA9C5 /* EditNoteSegue.swift in Sources */,
				B6DBBFD3270B2C2D00133B97 /* NewNoteBuilder.swift in Sources */,
				B631AD8E26EA3E3E00A2F2A7 /* NotesApp.xcdatamodeld in Sources */,
				B6DA62C8275E6FEF00CAE230 /* AppReducer.swift in Sources */,
				B62C408926F8A4ED006960ED /* NotesAPI.swift in Sources */,
				B6DA62D4275E779200CAE230 /* SignUpReduxViewController.swift in Sources */,
				B64ABEDF26F0F1B1000FEA0F /* MainViewController.swift in Sources */,
				C2677B8C26F8D811005D30BF /* NotesViewModel.swift in Sources */,
				B62C408D26F8AA6E006960ED /* NotesTarget.swift in Sources */,
				C2D55419270B4F5500C6F41E /* NotesDataBase.swift in Sources */,
				B64ABEE426F0FF50000FEA0F /* MainViewModel.swift in Sources */,
				B62C408326F8A405006960ED /* UserAPI.swift in Sources */,
				B63302B02757D4040075B2AD /* UserAction.swift in Sources */,
				B640D6E426FA07DB006FA9C5 /* SignUpBuilder.swift in Sources */,
			);
			runOnlyForDeploymentPostprocessing = 0;
		};
		B631AD9526EA3E4100A2F2A7 /* Sources */ = {
			isa = PBXSourcesBuildPhase;
			buildActionMask = 2147483647;
			files = (
				B631AD9E26EA3E4100A2F2A7 /* NotesAppTests.swift in Sources */,
			);
			runOnlyForDeploymentPostprocessing = 0;
		};
		B631ADA026EA3E4100A2F2A7 /* Sources */ = {
			isa = PBXSourcesBuildPhase;
			buildActionMask = 2147483647;
			files = (
				B631ADA926EA3E4100A2F2A7 /* NotesAppUITests.swift in Sources */,
			);
			runOnlyForDeploymentPostprocessing = 0;
		};
/* End PBXSourcesBuildPhase section */

/* Begin PBXTargetDependency section */
		B631AD9B26EA3E4100A2F2A7 /* PBXTargetDependency */ = {
			isa = PBXTargetDependency;
			target = B631AD7F26EA3E3E00A2F2A7 /* NotesApp */;
			targetProxy = B631AD9A26EA3E4100A2F2A7 /* PBXContainerItemProxy */;
		};
		B631ADA626EA3E4100A2F2A7 /* PBXTargetDependency */ = {
			isa = PBXTargetDependency;
			target = B631AD7F26EA3E3E00A2F2A7 /* NotesApp */;
			targetProxy = B631ADA526EA3E4100A2F2A7 /* PBXContainerItemProxy */;
		};
/* End PBXTargetDependency section */

/* Begin PBXVariantGroup section */
		B631AD8926EA3E3E00A2F2A7 /* Main.storyboard */ = {
			isa = PBXVariantGroup;
			children = (
				B631AD8A26EA3E3E00A2F2A7 /* Base */,
			);
			name = Main.storyboard;
			sourceTree = "<group>";
		};
		B631AD9126EA3E4000A2F2A7 /* LaunchScreen.storyboard */ = {
			isa = PBXVariantGroup;
			children = (
				B631AD9226EA3E4000A2F2A7 /* Base */,
			);
			name = LaunchScreen.storyboard;
			sourceTree = "<group>";
		};
/* End PBXVariantGroup section */

/* Begin XCBuildConfiguration section */
		B631ADAB26EA3E4100A2F2A7 /* Debug */ = {
			isa = XCBuildConfiguration;
			buildSettings = {
				ALWAYS_SEARCH_USER_PATHS = NO;
				CLANG_ANALYZER_NONNULL = YES;
				CLANG_ANALYZER_NUMBER_OBJECT_CONVERSION = YES_AGGRESSIVE;
				CLANG_CXX_LANGUAGE_STANDARD = "gnu++14";
				CLANG_CXX_LIBRARY = "libc++";
				CLANG_ENABLE_MODULES = YES;
				CLANG_ENABLE_OBJC_ARC = YES;
				CLANG_ENABLE_OBJC_WEAK = YES;
				CLANG_WARN_BLOCK_CAPTURE_AUTORELEASING = YES;
				CLANG_WARN_BOOL_CONVERSION = YES;
				CLANG_WARN_COMMA = YES;
				CLANG_WARN_CONSTANT_CONVERSION = YES;
				CLANG_WARN_DEPRECATED_OBJC_IMPLEMENTATIONS = YES;
				CLANG_WARN_DIRECT_OBJC_ISA_USAGE = YES_ERROR;
				CLANG_WARN_DOCUMENTATION_COMMENTS = YES;
				CLANG_WARN_EMPTY_BODY = YES;
				CLANG_WARN_ENUM_CONVERSION = YES;
				CLANG_WARN_INFINITE_RECURSION = YES;
				CLANG_WARN_INT_CONVERSION = YES;
				CLANG_WARN_NON_LITERAL_NULL_CONVERSION = YES;
				CLANG_WARN_OBJC_IMPLICIT_RETAIN_SELF = YES;
				CLANG_WARN_OBJC_LITERAL_CONVERSION = YES;
				CLANG_WARN_OBJC_ROOT_CLASS = YES_ERROR;
				CLANG_WARN_QUOTED_INCLUDE_IN_FRAMEWORK_HEADER = YES;
				CLANG_WARN_RANGE_LOOP_ANALYSIS = YES;
				CLANG_WARN_STRICT_PROTOTYPES = YES;
				CLANG_WARN_SUSPICIOUS_MOVE = YES;
				CLANG_WARN_UNGUARDED_AVAILABILITY = YES_AGGRESSIVE;
				CLANG_WARN_UNREACHABLE_CODE = YES;
				CLANG_WARN__DUPLICATE_METHOD_MATCH = YES;
				COPY_PHASE_STRIP = NO;
				DEBUG_INFORMATION_FORMAT = dwarf;
				ENABLE_STRICT_OBJC_MSGSEND = YES;
				ENABLE_TESTABILITY = YES;
				GCC_C_LANGUAGE_STANDARD = gnu11;
				GCC_DYNAMIC_NO_PIC = NO;
				GCC_NO_COMMON_BLOCKS = YES;
				GCC_OPTIMIZATION_LEVEL = 0;
				GCC_PREPROCESSOR_DEFINITIONS = (
					"DEBUG=1",
					"$(inherited)",
				);
				GCC_WARN_64_TO_32_BIT_CONVERSION = YES;
				GCC_WARN_ABOUT_RETURN_TYPE = YES_ERROR;
				GCC_WARN_UNDECLARED_SELECTOR = YES;
				GCC_WARN_UNINITIALIZED_AUTOS = YES_AGGRESSIVE;
				GCC_WARN_UNUSED_FUNCTION = YES;
				GCC_WARN_UNUSED_VARIABLE = YES;
				IPHONEOS_DEPLOYMENT_TARGET = 14.5;
				MTL_ENABLE_DEBUG_INFO = INCLUDE_SOURCE;
				MTL_FAST_MATH = YES;
				ONLY_ACTIVE_ARCH = YES;
				SDKROOT = iphoneos;
				SWIFT_ACTIVE_COMPILATION_CONDITIONS = DEBUG;
				SWIFT_OPTIMIZATION_LEVEL = "-Onone";
			};
			name = Debug;
		};
		B631ADAC26EA3E4100A2F2A7 /* Release */ = {
			isa = XCBuildConfiguration;
			buildSettings = {
				ALWAYS_SEARCH_USER_PATHS = NO;
				CLANG_ANALYZER_NONNULL = YES;
				CLANG_ANALYZER_NUMBER_OBJECT_CONVERSION = YES_AGGRESSIVE;
				CLANG_CXX_LANGUAGE_STANDARD = "gnu++14";
				CLANG_CXX_LIBRARY = "libc++";
				CLANG_ENABLE_MODULES = YES;
				CLANG_ENABLE_OBJC_ARC = YES;
				CLANG_ENABLE_OBJC_WEAK = YES;
				CLANG_WARN_BLOCK_CAPTURE_AUTORELEASING = YES;
				CLANG_WARN_BOOL_CONVERSION = YES;
				CLANG_WARN_COMMA = YES;
				CLANG_WARN_CONSTANT_CONVERSION = YES;
				CLANG_WARN_DEPRECATED_OBJC_IMPLEMENTATIONS = YES;
				CLANG_WARN_DIRECT_OBJC_ISA_USAGE = YES_ERROR;
				CLANG_WARN_DOCUMENTATION_COMMENTS = YES;
				CLANG_WARN_EMPTY_BODY = YES;
				CLANG_WARN_ENUM_CONVERSION = YES;
				CLANG_WARN_INFINITE_RECURSION = YES;
				CLANG_WARN_INT_CONVERSION = YES;
				CLANG_WARN_NON_LITERAL_NULL_CONVERSION = YES;
				CLANG_WARN_OBJC_IMPLICIT_RETAIN_SELF = YES;
				CLANG_WARN_OBJC_LITERAL_CONVERSION = YES;
				CLANG_WARN_OBJC_ROOT_CLASS = YES_ERROR;
				CLANG_WARN_QUOTED_INCLUDE_IN_FRAMEWORK_HEADER = YES;
				CLANG_WARN_RANGE_LOOP_ANALYSIS = YES;
				CLANG_WARN_STRICT_PROTOTYPES = YES;
				CLANG_WARN_SUSPICIOUS_MOVE = YES;
				CLANG_WARN_UNGUARDED_AVAILABILITY = YES_AGGRESSIVE;
				CLANG_WARN_UNREACHABLE_CODE = YES;
				CLANG_WARN__DUPLICATE_METHOD_MATCH = YES;
				COPY_PHASE_STRIP = NO;
				DEBUG_INFORMATION_FORMAT = "dwarf-with-dsym";
				ENABLE_NS_ASSERTIONS = NO;
				ENABLE_STRICT_OBJC_MSGSEND = YES;
				GCC_C_LANGUAGE_STANDARD = gnu11;
				GCC_NO_COMMON_BLOCKS = YES;
				GCC_WARN_64_TO_32_BIT_CONVERSION = YES;
				GCC_WARN_ABOUT_RETURN_TYPE = YES_ERROR;
				GCC_WARN_UNDECLARED_SELECTOR = YES;
				GCC_WARN_UNINITIALIZED_AUTOS = YES_AGGRESSIVE;
				GCC_WARN_UNUSED_FUNCTION = YES;
				GCC_WARN_UNUSED_VARIABLE = YES;
				IPHONEOS_DEPLOYMENT_TARGET = 14.5;
				MTL_ENABLE_DEBUG_INFO = NO;
				MTL_FAST_MATH = YES;
				SDKROOT = iphoneos;
				SWIFT_COMPILATION_MODE = wholemodule;
				SWIFT_OPTIMIZATION_LEVEL = "-O";
				VALIDATE_PRODUCT = YES;
			};
			name = Release;
		};
		B631ADAE26EA3E4100A2F2A7 /* Debug */ = {
			isa = XCBuildConfiguration;
			baseConfigurationReference = 4ECC99C3783889BB31B58787 /* Pods-NotesApp.debug.xcconfig */;
			buildSettings = {
				ASSETCATALOG_COMPILER_APPICON_NAME = AppIcon;
				ASSETCATALOG_COMPILER_GLOBAL_ACCENT_COLOR_NAME = AccentColor;
				CODE_SIGN_STYLE = Automatic;
				DEVELOPMENT_TEAM = C7N57P3GY9;
				INFOPLIST_FILE = NotesApp/Resources/Info.plist;
				LD_RUNPATH_SEARCH_PATHS = (
					"$(inherited)",
					"@executable_path/Frameworks",
				);
				PRODUCT_BUNDLE_IDENTIFIER = "Illia-Korzhynskyi.NotesApp";
				PRODUCT_NAME = "$(TARGET_NAME)";
				SWIFT_VERSION = 5.0;
				TARGETED_DEVICE_FAMILY = "1,2";
			};
			name = Debug;
		};
		B631ADAF26EA3E4100A2F2A7 /* Release */ = {
			isa = XCBuildConfiguration;
			baseConfigurationReference = F8C09DD25A1D9DBB5ECDAAC0 /* Pods-NotesApp.release.xcconfig */;
			buildSettings = {
				ASSETCATALOG_COMPILER_APPICON_NAME = AppIcon;
				ASSETCATALOG_COMPILER_GLOBAL_ACCENT_COLOR_NAME = AccentColor;
				CODE_SIGN_STYLE = Automatic;
				DEVELOPMENT_TEAM = C7N57P3GY9;
				INFOPLIST_FILE = NotesApp/Resources/Info.plist;
				LD_RUNPATH_SEARCH_PATHS = (
					"$(inherited)",
					"@executable_path/Frameworks",
				);
				PRODUCT_BUNDLE_IDENTIFIER = "Illia-Korzhynskyi.NotesApp";
				PRODUCT_NAME = "$(TARGET_NAME)";
				SWIFT_VERSION = 5.0;
				TARGETED_DEVICE_FAMILY = "1,2";
			};
			name = Release;
		};
		B631ADB126EA3E4100A2F2A7 /* Debug */ = {
			isa = XCBuildConfiguration;
			baseConfigurationReference = FDC75CA4B5234C9C60C5FAC5 /* Pods-NotesAppTests.debug.xcconfig */;
			buildSettings = {
				ALWAYS_EMBED_SWIFT_STANDARD_LIBRARIES = YES;
				BUNDLE_LOADER = "$(TEST_HOST)";
				CODE_SIGN_STYLE = Automatic;
				DEVELOPMENT_TEAM = C7N57P3GY9;
				INFOPLIST_FILE = NotesAppTests/Info.plist;
				IPHONEOS_DEPLOYMENT_TARGET = 14.5;
				LD_RUNPATH_SEARCH_PATHS = (
					"$(inherited)",
					"@executable_path/Frameworks",
					"@loader_path/Frameworks",
				);
				PRODUCT_BUNDLE_IDENTIFIER = "Illia-Korzhynskyi.NotesAppTests";
				PRODUCT_NAME = "$(TARGET_NAME)";
				SWIFT_VERSION = 5.0;
				TARGETED_DEVICE_FAMILY = "1,2";
				TEST_HOST = "$(BUILT_PRODUCTS_DIR)/NotesApp.app/NotesApp";
			};
			name = Debug;
		};
		B631ADB226EA3E4100A2F2A7 /* Release */ = {
			isa = XCBuildConfiguration;
			baseConfigurationReference = B5E1FEAE88A74CE3193DDD7C /* Pods-NotesAppTests.release.xcconfig */;
			buildSettings = {
				ALWAYS_EMBED_SWIFT_STANDARD_LIBRARIES = YES;
				BUNDLE_LOADER = "$(TEST_HOST)";
				CODE_SIGN_STYLE = Automatic;
				DEVELOPMENT_TEAM = C7N57P3GY9;
				INFOPLIST_FILE = NotesAppTests/Info.plist;
				IPHONEOS_DEPLOYMENT_TARGET = 14.5;
				LD_RUNPATH_SEARCH_PATHS = (
					"$(inherited)",
					"@executable_path/Frameworks",
					"@loader_path/Frameworks",
				);
				PRODUCT_BUNDLE_IDENTIFIER = "Illia-Korzhynskyi.NotesAppTests";
				PRODUCT_NAME = "$(TARGET_NAME)";
				SWIFT_VERSION = 5.0;
				TARGETED_DEVICE_FAMILY = "1,2";
				TEST_HOST = "$(BUILT_PRODUCTS_DIR)/NotesApp.app/NotesApp";
			};
			name = Release;
		};
		B631ADB426EA3E4100A2F2A7 /* Debug */ = {
			isa = XCBuildConfiguration;
			baseConfigurationReference = 97C683210E2AFF3D26F83C73 /* Pods-NotesApp-NotesAppUITests.debug.xcconfig */;
			buildSettings = {
				ALWAYS_EMBED_SWIFT_STANDARD_LIBRARIES = YES;
				CODE_SIGN_STYLE = Automatic;
				DEVELOPMENT_TEAM = C7N57P3GY9;
				INFOPLIST_FILE = NotesAppUITests/Info.plist;
				LD_RUNPATH_SEARCH_PATHS = (
					"$(inherited)",
					"@executable_path/Frameworks",
					"@loader_path/Frameworks",
				);
				PRODUCT_BUNDLE_IDENTIFIER = "Illia-Korzhynskyi.NotesAppUITests";
				PRODUCT_NAME = "$(TARGET_NAME)";
				SWIFT_VERSION = 5.0;
				TARGETED_DEVICE_FAMILY = "1,2";
				TEST_TARGET_NAME = NotesApp;
			};
			name = Debug;
		};
		B631ADB526EA3E4100A2F2A7 /* Release */ = {
			isa = XCBuildConfiguration;
			baseConfigurationReference = 818C7F53FE83DADBCCE088EC /* Pods-NotesApp-NotesAppUITests.release.xcconfig */;
			buildSettings = {
				ALWAYS_EMBED_SWIFT_STANDARD_LIBRARIES = YES;
				CODE_SIGN_STYLE = Automatic;
				DEVELOPMENT_TEAM = C7N57P3GY9;
				INFOPLIST_FILE = NotesAppUITests/Info.plist;
				LD_RUNPATH_SEARCH_PATHS = (
					"$(inherited)",
					"@executable_path/Frameworks",
					"@loader_path/Frameworks",
				);
				PRODUCT_BUNDLE_IDENTIFIER = "Illia-Korzhynskyi.NotesAppUITests";
				PRODUCT_NAME = "$(TARGET_NAME)";
				SWIFT_VERSION = 5.0;
				TARGETED_DEVICE_FAMILY = "1,2";
				TEST_TARGET_NAME = NotesApp;
			};
			name = Release;
		};
/* End XCBuildConfiguration section */

/* Begin XCConfigurationList section */
		B631AD7B26EA3E3E00A2F2A7 /* Build configuration list for PBXProject "NotesApp" */ = {
			isa = XCConfigurationList;
			buildConfigurations = (
				B631ADAB26EA3E4100A2F2A7 /* Debug */,
				B631ADAC26EA3E4100A2F2A7 /* Release */,
			);
			defaultConfigurationIsVisible = 0;
			defaultConfigurationName = Release;
		};
		B631ADAD26EA3E4100A2F2A7 /* Build configuration list for PBXNativeTarget "NotesApp" */ = {
			isa = XCConfigurationList;
			buildConfigurations = (
				B631ADAE26EA3E4100A2F2A7 /* Debug */,
				B631ADAF26EA3E4100A2F2A7 /* Release */,
			);
			defaultConfigurationIsVisible = 0;
			defaultConfigurationName = Release;
		};
		B631ADB026EA3E4100A2F2A7 /* Build configuration list for PBXNativeTarget "NotesAppTests" */ = {
			isa = XCConfigurationList;
			buildConfigurations = (
				B631ADB126EA3E4100A2F2A7 /* Debug */,
				B631ADB226EA3E4100A2F2A7 /* Release */,
			);
			defaultConfigurationIsVisible = 0;
			defaultConfigurationName = Release;
		};
		B631ADB326EA3E4100A2F2A7 /* Build configuration list for PBXNativeTarget "NotesAppUITests" */ = {
			isa = XCConfigurationList;
			buildConfigurations = (
				B631ADB426EA3E4100A2F2A7 /* Debug */,
				B631ADB526EA3E4100A2F2A7 /* Release */,
			);
			defaultConfigurationIsVisible = 0;
			defaultConfigurationName = Release;
		};
/* End XCConfigurationList section */

/* Begin XCVersionGroup section */
		B631AD8C26EA3E3E00A2F2A7 /* NotesApp.xcdatamodeld */ = {
			isa = XCVersionGroup;
			children = (
				B631AD8D26EA3E3E00A2F2A7 /* NotesApp.xcdatamodel */,
			);
			currentVersion = B631AD8D26EA3E3E00A2F2A7 /* NotesApp.xcdatamodel */;
			path = NotesApp.xcdatamodeld;
			sourceTree = "<group>";
			versionGroupType = wrapper.xcdatamodel;
		};
/* End XCVersionGroup section */
	};
	rootObject = B631AD7826EA3E3E00A2F2A7 /* Project object */;
}
